
Microsoft Visual Studio Solution File, Format Version 12.00
# Visual Studio Version 17
VisualStudioVersion = 17.7.34221.43
MinimumVisualStudioVersion = 10.0.40219.1
Project("{9A19103F-16F7-4668-BE54-9A1E7A4F7556}") = "CarRentalManagement.Server", "CarRentalManagement\Server\CarRentalManagement.Server.csproj", "{B1212FE5-A905-4DAA-897F-BED005F3AAAA}"
EndProject
Project("{9A19103F-16F7-4668-BE54-9A1E7A4F7556}") = "CarRentalManagement.Client", "CarRentalManagement\Client\CarRentalManagement.Client.csproj", "{CBE0C850-EFD2-4D95-B526-CBC713920245}"
EndProject
Project("{9A19103F-16F7-4668-BE54-9A1E7A4F7556}") = "CarRentalManagement.Shared", "CarRentalManagement\Shared\CarRentalManagement.Shared.csproj", "{8B7B3AF0-2224-4F15-9D1C-34F369DC5F66}"
EndProject
Global
	GlobalSection(SolutionConfigurationPlatforms) = preSolution
		Debug|Any CPU = Debug|Any CPU
		Release|Any CPU = Release|Any CPU
	EndGlobalSection
	GlobalSection(ProjectConfigurationPlatforms) = postSolution
		{B1212FE5-A905-4DAA-897F-BED005F3AAAA}.Debug|Any CPU.ActiveCfg = Debug|Any CPU
		{B1212FE5-A905-4DAA-897F-BED005F3AAAA}.Debug|Any CPU.Build.0 = Debug|Any CPU
		{B1212FE5-A905-4DAA-897F-BED005F3AAAA}.Release|Any CPU.ActiveCfg = Release|Any CPU
		{B1212FE5-A905-4DAA-897F-BED005F3AAAA}.Release|Any CPU.Build.0 = Release|Any CPU
		{CBE0C850-EFD2-4D95-B526-CBC713920245}.Debug|Any CPU.ActiveCfg = Debug|Any CPU
		{CBE0C850-EFD2-4D95-B526-CBC713920245}.Debug|Any CPU.Build.0 = Debug|Any CPU
		{CBE0C850-EFD2-4D95-B526-CBC713920245}.Release|Any CPU.ActiveCfg = Release|Any CPU
		{CBE0C850-EFD2-4D95-B526-CBC713920245}.Release|Any CPU.Build.0 = Release|Any CPU
		{8B7B3AF0-2224-4F15-9D1C-34F369DC5F66}.Debug|Any CPU.ActiveCfg = Debug|Any CPU
		{8B7B3AF0-2224-4F15-9D1C-34F369DC5F66}.Debug|Any CPU.Build.0 = Debug|Any CPU
		{8B7B3AF0-2224-4F15-9D1C-34F369DC5F66}.Release|Any CPU.ActiveCfg = Release|Any CPU
		{8B7B3AF0-2224-4F15-9D1C-34F369DC5F66}.Release|Any CPU.Build.0 = Release|Any CPU
	EndGlobalSection
	GlobalSection(SolutionProperties) = preSolution
		HideSolutionNode = FALSE
	EndGlobalSection
	GlobalSection(ExtensibilityGlobals) = postSolution
		SolutionGuid = {B6527DD9-5746-4A04-8AE0-E03D8338B8DE}
	EndGlobalSection
EndGlobal
